
Microsoft Visual Studio Solution File, Format Version 12.00
# Visual Studio Version 17
VisualStudioVersion = 17.7.34221.43
MinimumVisualStudioVersion = 10.0.40219.1
Project("{FAE04EC0-301F-11D3-BF4B-00C04F79EFBC}") = "Denali", "Denali\Denali.csproj", "{A0FD16C6-6A99-41BD-A278-45F01448D09E}"
EndProject
Project("{FAE04EC0-301F-11D3-BF4B-00C04F79EFBC}") = "Denali.Test", "Denali.Test\Denali.Test.csproj", "{225F1292-2C1B-4EEB-B182-FB637A3A891F}"
EndProject
Project("{FAE04EC0-301F-11D3-BF4B-00C04F79EFBC}") = "Denali.IdealLibConverter", "Denali.IdealLibConverter\Denali.IdealLibConverter.csproj", "{4AC42854-9CE5-44AA-878F-59738193CFE8}"
EndProject
Project("{FAE04EC0-301F-11D3-BF4B-00C04F79EFBC}") = "Denali.Portfoy", "Denali.Portfoy\Denali.Portfoy.csproj", "{D76A0640-6F06-42AD-B207-1D613F32E88D}"
EndProject
Project("{9A19103F-16F7-4668-BE54-9A1E7A4F7556}") = "StockPortfolioReports", "StockPortfolioReports\StockPortfolioReports.csproj", "{6E104A8E-9A24-45CB-9DFA-F0C6C237ABEE}"
EndProject
Global
	GlobalSection(SolutionConfigurationPlatforms) = preSolution
		Debug|Any CPU = Debug|Any CPU
		Release|Any CPU = Release|Any CPU
	EndGlobalSection
	GlobalSection(ProjectConfigurationPlatforms) = postSolution
		{A0FD16C6-6A99-41BD-A278-45F01448D09E}.Debug|Any CPU.ActiveCfg = Debug|Any CPU
		{A0FD16C6-6A99-41BD-A278-45F01448D09E}.Debug|Any CPU.Build.0 = Debug|Any CPU
		{A0FD16C6-6A99-41BD-A278-45F01448D09E}.Release|Any CPU.ActiveCfg = Release|Any CPU
		{A0FD16C6-6A99-41BD-A278-45F01448D09E}.Release|Any CPU.Build.0 = Release|Any CPU
		{225F1292-2C1B-4EEB-B182-FB637A3A891F}.Debug|Any CPU.ActiveCfg = Debug|Any CPU
		{225F1292-2C1B-4EEB-B182-FB637A3A891F}.Debug|Any CPU.Build.0 = Debug|Any CPU
		{225F1292-2C1B-4EEB-B182-FB637A3A891F}.Release|Any CPU.ActiveCfg = Release|Any CPU
		{225F1292-2C1B-4EEB-B182-FB637A3A891F}.Release|Any CPU.Build.0 = Release|Any CPU
		{4AC42854-9CE5-44AA-878F-59738193CFE8}.Debug|Any CPU.ActiveCfg = Debug|Any CPU
		{4AC42854-9CE5-44AA-878F-59738193CFE8}.Debug|Any CPU.Build.0 = Debug|Any CPU
		{4AC42854-9CE5-44AA-878F-59738193CFE8}.Release|Any CPU.ActiveCfg = Release|Any CPU
		{4AC42854-9CE5-44AA-878F-59738193CFE8}.Release|Any CPU.Build.0 = Release|Any CPU
		{D76A0640-6F06-42AD-B207-1D613F32E88D}.Debug|Any CPU.ActiveCfg = Debug|Any CPU
		{D76A0640-6F06-42AD-B207-1D613F32E88D}.Debug|Any CPU.Build.0 = Debug|Any CPU
		{D76A0640-6F06-42AD-B207-1D613F32E88D}.Release|Any CPU.ActiveCfg = Release|Any CPU
		{D76A0640-6F06-42AD-B207-1D613F32E88D}.Release|Any CPU.Build.0 = Release|Any CPU
		{6E104A8E-9A24-45CB-9DFA-F0C6C237ABEE}.Debug|Any CPU.ActiveCfg = Debug|Any CPU
		{6E104A8E-9A24-45CB-9DFA-F0C6C237ABEE}.Debug|Any CPU.Build.0 = Debug|Any CPU
		{6E104A8E-9A24-45CB-9DFA-F0C6C237ABEE}.Release|Any CPU.ActiveCfg = Release|Any CPU
		{6E104A8E-9A24-45CB-9DFA-F0C6C237ABEE}.Release|Any CPU.Build.0 = Release|Any CPU
	EndGlobalSection
	GlobalSection(SolutionProperties) = preSolution
		HideSolutionNode = FALSE
	EndGlobalSection
	GlobalSection(ExtensibilityGlobals) = postSolution
		SolutionGuid = {FF35C58C-E212-4BDD-9F87-1756AEF193E6}
	EndGlobalSection
EndGlobal
