
Microsoft Visual Studio Solution File, Format Version 12.00
# Visual Studio Version 17
VisualStudioVersion = 17.7.34221.43
MinimumVisualStudioVersion = 10.0.40219.1
Project("{9A19103F-16F7-4668-BE54-9A1E7A4F7556}") = "AlimSatimRobotu", "AlimSatimRobotu\AlimSatimRobotu.csproj", "{920107B1-CF31-4041-9F86-C1DA78F7B00F}"
EndProject
Project("{FAE04EC0-301F-11D3-BF4B-00C04F79EFBC}") = "Denali", "Denali\Denali.csproj", "{A0FD16C6-6A99-41BD-A278-45F01448D09E}"
EndProject
Project("{FAE04EC0-301F-11D3-BF4B-00C04F79EFBC}") = "Denali.Test", "Denali.Test\Denali.Test.csproj", "{225F1292-2C1B-4EEB-B182-FB637A3A891F}"
EndProject
Global
	GlobalSection(SolutionConfigurationPlatforms) = preSolution
		Debug|Any CPU = Debug|Any CPU
		Release|Any CPU = Release|Any CPU
	EndGlobalSection
	GlobalSection(ProjectConfigurationPlatforms) = postSolution
		{920107B1-CF31-4041-9F86-C1DA78F7B00F}.Debug|Any CPU.ActiveCfg = Debug|Any CPU
		{920107B1-CF31-4041-9F86-C1DA78F7B00F}.Debug|Any CPU.Build.0 = Debug|Any CPU
		{920107B1-CF31-4041-9F86-C1DA78F7B00F}.Release|Any CPU.ActiveCfg = Release|Any CPU
		{920107B1-CF31-4041-9F86-C1DA78F7B00F}.Release|Any CPU.Build.0 = Release|Any CPU
		{A0FD16C6-6A99-41BD-A278-45F01448D09E}.Debug|Any CPU.ActiveCfg = Debug|Any CPU
		{A0FD16C6-6A99-41BD-A278-45F01448D09E}.Debug|Any CPU.Build.0 = Debug|Any CPU
		{A0FD16C6-6A99-41BD-A278-45F01448D09E}.Release|Any CPU.ActiveCfg = Release|Any CPU
		{A0FD16C6-6A99-41BD-A278-45F01448D09E}.Release|Any CPU.Build.0 = Release|Any CPU
		{225F1292-2C1B-4EEB-B182-FB637A3A891F}.Debug|Any CPU.ActiveCfg = Debug|Any CPU
		{225F1292-2C1B-4EEB-B182-FB637A3A891F}.Debug|Any CPU.Build.0 = Debug|Any CPU
		{225F1292-2C1B-4EEB-B182-FB637A3A891F}.Release|Any CPU.ActiveCfg = Release|Any CPU
		{225F1292-2C1B-4EEB-B182-FB637A3A891F}.Release|Any CPU.Build.0 = Release|Any CPU
	EndGlobalSection
	GlobalSection(SolutionProperties) = preSolution
		HideSolutionNode = FALSE
	EndGlobalSection
	GlobalSection(ExtensibilityGlobals) = postSolution
		SolutionGuid = {FF35C58C-E212-4BDD-9F87-1756AEF193E6}
	EndGlobalSection
EndGlobal
